// !$*UTF8*$!
{
	archiveVersion = 1;
	classes = {
	};
	objectVersion = 55;
	objects = {

/* Begin PBXBuildFile section */
		B46A55B127DC0774000C7F36 /* BookSpyApp.swift in Sources */ = {isa = PBXBuildFile; fileRef = B46A55B027DC0774000C7F36 /* BookSpyApp.swift */; };
		B46A55B327DC0774000C7F36 /* SearchView.swift in Sources */ = {isa = PBXBuildFile; fileRef = B46A55B227DC0774000C7F36 /* SearchView.swift */; };
		B46A55B527DC0776000C7F36 /* Assets.xcassets in Resources */ = {isa = PBXBuildFile; fileRef = B46A55B427DC0776000C7F36 /* Assets.xcassets */; };
		B46A55B827DC0776000C7F36 /* Preview Assets.xcassets in Resources */ = {isa = PBXBuildFile; fileRef = B46A55B727DC0776000C7F36 /* Preview Assets.xcassets */; };
		B46A55C727DC07F5000C7F36 /* BooksAPI.docc in Sources */ = {isa = PBXBuildFile; fileRef = B46A55C627DC07F5000C7F36 /* BooksAPI.docc */; };
		B46A55CD27DC07F5000C7F36 /* BooksAPI.framework in Frameworks */ = {isa = PBXBuildFile; fileRef = B46A55C327DC07F5000C7F36 /* BooksAPI.framework */; };
		B46A55D527DC07F5000C7F36 /* BooksAPI.h in Headers */ = {isa = PBXBuildFile; fileRef = B46A55C527DC07F5000C7F36 /* BooksAPI.h */; settings = {ATTRIBUTES = (Public, ); }; };
		B46A55D827DC07F5000C7F36 /* BooksAPI.framework in Frameworks */ = {isa = PBXBuildFile; fileRef = B46A55C327DC07F5000C7F36 /* BooksAPI.framework */; };
		B46A55D927DC07F5000C7F36 /* BooksAPI.framework in Embed Frameworks */ = {isa = PBXBuildFile; fileRef = B46A55C327DC07F5000C7F36 /* BooksAPI.framework */; settings = {ATTRIBUTES = (CodeSignOnCopy, RemoveHeadersOnCopy, ); }; };
		B46A55F227DC092F000C7F36 /* Book.swift in Sources */ = {isa = PBXBuildFile; fileRef = B46A55EF27DC092F000C7F36 /* Book.swift */; };
		B46A55F327DC092F000C7F36 /* BooksQuery.swift in Sources */ = {isa = PBXBuildFile; fileRef = B46A55F027DC092F000C7F36 /* BooksQuery.swift */; };
		B46A55F427DC092F000C7F36 /* APIClient.swift in Sources */ = {isa = PBXBuildFile; fileRef = B46A55F127DC092F000C7F36 /* APIClient.swift */; };
		B46A55F627DC0994000C7F36 /* BooksQueryTests.swift in Sources */ = {isa = PBXBuildFile; fileRef = B46A55F527DC0994000C7F36 /* BooksQueryTests.swift */; };
		B46A55F827DC0AFB000C7F36 /* SearchViewModel.swift in Sources */ = {isa = PBXBuildFile; fileRef = B46A55F727DC0AFB000C7F36 /* SearchViewModel.swift */; };
		B46A55FA27DFCC06000C7F36 /* TestData.swift in Sources */ = {isa = PBXBuildFile; fileRef = B46A55F927DFCC06000C7F36 /* TestData.swift */; };
		B46A55FC27DFEA6B000C7F36 /* DetailView.swift in Sources */ = {isa = PBXBuildFile; fileRef = B46A55FB27DFEA6B000C7F36 /* DetailView.swift */; };
		B4AC654B27E104450090D1B9 /* DetailViewModel.swift in Sources */ = {isa = PBXBuildFile; fileRef = B4AC654A27E104450090D1B9 /* DetailViewModel.swift */; };
		B4D6451B27E1412800A2A30A /* DataStore.swift in Sources */ = {isa = PBXBuildFile; fileRef = B4D6451A27E1412800A2A30A /* DataStore.swift */; };
		B4D6452E27E25FD800A2A30A /* DataStoreTests.swift in Sources */ = {isa = PBXBuildFile; fileRef = B4D6452D27E25FD800A2A30A /* DataStoreTests.swift */; };
		B4D6453027E2635700A2A30A /* Books.json in Resources */ = {isa = PBXBuildFile; fileRef = B4D6452F27E2635700A2A30A /* Books.json */; };
		B4D6453227E4F7BF00A2A30A /* BookCell.swift in Sources */ = {isa = PBXBuildFile; fileRef = B4D6453127E4F7BF00A2A30A /* BookCell.swift */; };
		B4D6453427E4F7D300A2A30A /* BookCellViewModel.swift in Sources */ = {isa = PBXBuildFile; fileRef = B4D6453327E4F7D300A2A30A /* BookCellViewModel.swift */; };
/* End PBXBuildFile section */

/* Begin PBXContainerItemProxy section */
		B46A55CE27DC07F5000C7F36 /* PBXContainerItemProxy */ = {
			isa = PBXContainerItemProxy;
			containerPortal = B46A55A527DC0774000C7F36 /* Project object */;
			proxyType = 1;
			remoteGlobalIDString = B46A55C227DC07F5000C7F36;
			remoteInfo = BooksAPI;
		};
		B46A55D027DC07F5000C7F36 /* PBXContainerItemProxy */ = {
			isa = PBXContainerItemProxy;
			containerPortal = B46A55A527DC0774000C7F36 /* Project object */;
			proxyType = 1;
			remoteGlobalIDString = B46A55AC27DC0774000C7F36;
			remoteInfo = BookSpy;
		};
		B46A55D627DC07F5000C7F36 /* PBXContainerItemProxy */ = {
			isa = PBXContainerItemProxy;
			containerPortal = B46A55A527DC0774000C7F36 /* Project object */;
			proxyType = 1;
			remoteGlobalIDString = B46A55C227DC07F5000C7F36;
			remoteInfo = BooksAPI;
		};
		B4D6452627E25F0500A2A30A /* PBXContainerItemProxy */ = {
			isa = PBXContainerItemProxy;
			containerPortal = B46A55A527DC0774000C7F36 /* Project object */;
			proxyType = 1;
			remoteGlobalIDString = B46A55AC27DC0774000C7F36;
			remoteInfo = BookSpy;
		};
/* End PBXContainerItemProxy section */

/* Begin PBXCopyFilesBuildPhase section */
		B46A55DD27DC07F5000C7F36 /* Embed Frameworks */ = {
			isa = PBXCopyFilesBuildPhase;
			buildActionMask = 2147483647;
			dstPath = "";
			dstSubfolderSpec = 10;
			files = (
				B46A55D927DC07F5000C7F36 /* BooksAPI.framework in Embed Frameworks */,
			);
			name = "Embed Frameworks";
			runOnlyForDeploymentPostprocessing = 0;
		};
/* End PBXCopyFilesBuildPhase section */

/* Begin PBXFileReference section */
		B46A55AD27DC0774000C7F36 /* BookSpy.app */ = {isa = PBXFileReference; explicitFileType = wrapper.application; includeInIndex = 0; path = BookSpy.app; sourceTree = BUILT_PRODUCTS_DIR; };
		B46A55B027DC0774000C7F36 /* BookSpyApp.swift */ = {isa = PBXFileReference; lastKnownFileType = sourcecode.swift; path = BookSpyApp.swift; sourceTree = "<group>"; };
		B46A55B227DC0774000C7F36 /* SearchView.swift */ = {isa = PBXFileReference; lastKnownFileType = sourcecode.swift; path = SearchView.swift; sourceTree = "<group>"; };
		B46A55B427DC0776000C7F36 /* Assets.xcassets */ = {isa = PBXFileReference; lastKnownFileType = folder.assetcatalog; path = Assets.xcassets; sourceTree = "<group>"; };
		B46A55B727DC0776000C7F36 /* Preview Assets.xcassets */ = {isa = PBXFileReference; lastKnownFileType = folder.assetcatalog; path = "Preview Assets.xcassets"; sourceTree = "<group>"; };
		B46A55C327DC07F5000C7F36 /* BooksAPI.framework */ = {isa = PBXFileReference; explicitFileType = wrapper.framework; includeInIndex = 0; path = BooksAPI.framework; sourceTree = BUILT_PRODUCTS_DIR; };
		B46A55C527DC07F5000C7F36 /* BooksAPI.h */ = {isa = PBXFileReference; lastKnownFileType = sourcecode.c.h; path = BooksAPI.h; sourceTree = "<group>"; };
		B46A55C627DC07F5000C7F36 /* BooksAPI.docc */ = {isa = PBXFileReference; lastKnownFileType = folder.documentationcatalog; path = BooksAPI.docc; sourceTree = "<group>"; };
		B46A55CC27DC07F5000C7F36 /* BooksAPITests.xctest */ = {isa = PBXFileReference; explicitFileType = wrapper.cfbundle; includeInIndex = 0; path = BooksAPITests.xctest; sourceTree = BUILT_PRODUCTS_DIR; };
		B46A55EF27DC092F000C7F36 /* Book.swift */ = {isa = PBXFileReference; fileEncoding = 4; lastKnownFileType = sourcecode.swift; path = Book.swift; sourceTree = "<group>"; };
		B46A55F027DC092F000C7F36 /* BooksQuery.swift */ = {isa = PBXFileReference; fileEncoding = 4; lastKnownFileType = sourcecode.swift; path = BooksQuery.swift; sourceTree = "<group>"; };
		B46A55F127DC092F000C7F36 /* APIClient.swift */ = {isa = PBXFileReference; fileEncoding = 4; lastKnownFileType = sourcecode.swift; path = APIClient.swift; sourceTree = "<group>"; };
		B46A55F527DC0994000C7F36 /* BooksQueryTests.swift */ = {isa = PBXFileReference; fileEncoding = 4; lastKnownFileType = sourcecode.swift; path = BooksQueryTests.swift; sourceTree = "<group>"; };
		B46A55F727DC0AFB000C7F36 /* SearchViewModel.swift */ = {isa = PBXFileReference; lastKnownFileType = sourcecode.swift; path = SearchViewModel.swift; sourceTree = "<group>"; };
		B46A55F927DFCC06000C7F36 /* TestData.swift */ = {isa = PBXFileReference; lastKnownFileType = sourcecode.swift; path = TestData.swift; sourceTree = "<group>"; };
		B46A55FB27DFEA6B000C7F36 /* DetailView.swift */ = {isa = PBXFileReference; lastKnownFileType = sourcecode.swift; path = DetailView.swift; sourceTree = "<group>"; };
		B4AC654A27E104450090D1B9 /* DetailViewModel.swift */ = {isa = PBXFileReference; lastKnownFileType = sourcecode.swift; path = DetailViewModel.swift; sourceTree = "<group>"; };
		B4D6451A27E1412800A2A30A /* DataStore.swift */ = {isa = PBXFileReference; lastKnownFileType = sourcecode.swift; path = DataStore.swift; sourceTree = "<group>"; };
		B4D6452227E25F0500A2A30A /* BookSpyTests.xctest */ = {isa = PBXFileReference; explicitFileType = wrapper.cfbundle; includeInIndex = 0; path = BookSpyTests.xctest; sourceTree = BUILT_PRODUCTS_DIR; };
		B4D6452D27E25FD800A2A30A /* DataStoreTests.swift */ = {isa = PBXFileReference; lastKnownFileType = sourcecode.swift; path = DataStoreTests.swift; sourceTree = "<group>"; };
		B4D6452F27E2635700A2A30A /* Books.json */ = {isa = PBXFileReference; lastKnownFileType = text.json; path = Books.json; sourceTree = "<group>"; };
		B4D6453127E4F7BF00A2A30A /* BookCell.swift */ = {isa = PBXFileReference; lastKnownFileType = sourcecode.swift; path = BookCell.swift; sourceTree = "<group>"; };
		B4D6453327E4F7D300A2A30A /* BookCellViewModel.swift */ = {isa = PBXFileReference; lastKnownFileType = sourcecode.swift; path = BookCellViewModel.swift; sourceTree = "<group>"; };
/* End PBXFileReference section */

/* Begin PBXFrameworksBuildPhase section */
		B46A55AA27DC0774000C7F36 /* Frameworks */ = {
			isa = PBXFrameworksBuildPhase;
			buildActionMask = 2147483647;
			files = (
				B46A55D827DC07F5000C7F36 /* BooksAPI.framework in Frameworks */,
			);
			runOnlyForDeploymentPostprocessing = 0;
		};
		B46A55C027DC07F5000C7F36 /* Frameworks */ = {
			isa = PBXFrameworksBuildPhase;
			buildActionMask = 2147483647;
			files = (
			);
			runOnlyForDeploymentPostprocessing = 0;
		};
		B46A55C927DC07F5000C7F36 /* Frameworks */ = {
			isa = PBXFrameworksBuildPhase;
			buildActionMask = 2147483647;
			files = (
				B46A55CD27DC07F5000C7F36 /* BooksAPI.framework in Frameworks */,
			);
			runOnlyForDeploymentPostprocessing = 0;
		};
		B4D6451F27E25F0500A2A30A /* Frameworks */ = {
			isa = PBXFrameworksBuildPhase;
			buildActionMask = 2147483647;
			files = (
			);
			runOnlyForDeploymentPostprocessing = 0;
		};
/* End PBXFrameworksBuildPhase section */

/* Begin PBXGroup section */
		B46A55A427DC0774000C7F36 = {
			isa = PBXGroup;
			children = (
				B46A55AF27DC0774000C7F36 /* BookSpy */,
				B4D6452327E25F0500A2A30A /* BookSpyTests */,
				B46A55C427DC07F5000C7F36 /* BooksAPI */,
				B46A55D227DC07F5000C7F36 /* BooksAPITests */,
				B46A55AE27DC0774000C7F36 /* Products */,
			);
			sourceTree = "<group>";
		};
		B46A55AE27DC0774000C7F36 /* Products */ = {
			isa = PBXGroup;
			children = (
				B46A55AD27DC0774000C7F36 /* BookSpy.app */,
				B46A55C327DC07F5000C7F36 /* BooksAPI.framework */,
				B46A55CC27DC07F5000C7F36 /* BooksAPITests.xctest */,
				B4D6452227E25F0500A2A30A /* BookSpyTests.xctest */,
			);
			name = Products;
			sourceTree = "<group>";
		};
		B46A55AF27DC0774000C7F36 /* BookSpy */ = {
			isa = PBXGroup;
			children = (
				B46A55B027DC0774000C7F36 /* BookSpyApp.swift */,
				B46A55B227DC0774000C7F36 /* SearchView.swift */,
				B46A55F727DC0AFB000C7F36 /* SearchViewModel.swift */,
				B4D6453127E4F7BF00A2A30A /* BookCell.swift */,
				B4D6453327E4F7D300A2A30A /* BookCellViewModel.swift */,
				B46A55FB27DFEA6B000C7F36 /* DetailView.swift */,
				B4AC654A27E104450090D1B9 /* DetailViewModel.swift */,
				B4D6451A27E1412800A2A30A /* DataStore.swift */,
				B46A55F927DFCC06000C7F36 /* TestData.swift */,
				B46A55B427DC0776000C7F36 /* Assets.xcassets */,
				B46A55B627DC0776000C7F36 /* Preview Content */,
			);
			path = BookSpy;
			sourceTree = "<group>";
		};
		B46A55B627DC0776000C7F36 /* Preview Content */ = {
			isa = PBXGroup;
			children = (
				B46A55B727DC0776000C7F36 /* Preview Assets.xcassets */,
			);
			path = "Preview Content";
			sourceTree = "<group>";
		};
		B46A55C427DC07F5000C7F36 /* BooksAPI */ = {
			isa = PBXGroup;
			children = (
				B46A55C527DC07F5000C7F36 /* BooksAPI.h */,
				B46A55F127DC092F000C7F36 /* APIClient.swift */,
				B46A55EF27DC092F000C7F36 /* Book.swift */,
				B46A55F027DC092F000C7F36 /* BooksQuery.swift */,
				B46A55C627DC07F5000C7F36 /* BooksAPI.docc */,
			);
			path = BooksAPI;
			sourceTree = "<group>";
		};
		B46A55D227DC07F5000C7F36 /* BooksAPITests */ = {
			isa = PBXGroup;
			children = (
				B46A55F527DC0994000C7F36 /* BooksQueryTests.swift */,
			);
			path = BooksAPITests;
			sourceTree = "<group>";
		};
		B4D6452327E25F0500A2A30A /* BookSpyTests */ = {
			isa = PBXGroup;
			children = (
				B4D6452D27E25FD800A2A30A /* DataStoreTests.swift */,
				B4D6452F27E2635700A2A30A /* Books.json */,
			);
			path = BookSpyTests;
			sourceTree = "<group>";
		};
/* End PBXGroup section */

/* Begin PBXHeadersBuildPhase section */
		B46A55BE27DC07F5000C7F36 /* Headers */ = {
			isa = PBXHeadersBuildPhase;
			buildActionMask = 2147483647;
			files = (
				B46A55D527DC07F5000C7F36 /* BooksAPI.h in Headers */,
			);
			runOnlyForDeploymentPostprocessing = 0;
		};
/* End PBXHeadersBuildPhase section */

/* Begin PBXNativeTarget section */
		B46A55AC27DC0774000C7F36 /* BookSpy */ = {
			isa = PBXNativeTarget;
			buildConfigurationList = B46A55BB27DC0776000C7F36 /* Build configuration list for PBXNativeTarget "BookSpy" */;
			buildPhases = (
				B46A55A927DC0774000C7F36 /* Sources */,
				B46A55AA27DC0774000C7F36 /* Frameworks */,
				B46A55AB27DC0774000C7F36 /* Resources */,
				B46A55DD27DC07F5000C7F36 /* Embed Frameworks */,
			);
			buildRules = (
			);
			dependencies = (
				B46A55D727DC07F5000C7F36 /* PBXTargetDependency */,
			);
			name = BookSpy;
			productName = BookSpy;
			productReference = B46A55AD27DC0774000C7F36 /* BookSpy.app */;
			productType = "com.apple.product-type.application";
		};
		B46A55C227DC07F5000C7F36 /* BooksAPI */ = {
			isa = PBXNativeTarget;
			buildConfigurationList = B46A55DA27DC07F5000C7F36 /* Build configuration list for PBXNativeTarget "BooksAPI" */;
			buildPhases = (
				B46A55BE27DC07F5000C7F36 /* Headers */,
				B46A55BF27DC07F5000C7F36 /* Sources */,
				B46A55C027DC07F5000C7F36 /* Frameworks */,
				B46A55C127DC07F5000C7F36 /* Resources */,
			);
			buildRules = (
			);
			dependencies = (
			);
			name = BooksAPI;
			productName = BooksAPI;
			productReference = B46A55C327DC07F5000C7F36 /* BooksAPI.framework */;
			productType = "com.apple.product-type.framework";
		};
		B46A55CB27DC07F5000C7F36 /* BooksAPITests */ = {
			isa = PBXNativeTarget;
			buildConfigurationList = B46A55DE27DC07F5000C7F36 /* Build configuration list for PBXNativeTarget "BooksAPITests" */;
			buildPhases = (
				B46A55C827DC07F5000C7F36 /* Sources */,
				B46A55C927DC07F5000C7F36 /* Frameworks */,
				B46A55CA27DC07F5000C7F36 /* Resources */,
			);
			buildRules = (
			);
			dependencies = (
				B46A55CF27DC07F5000C7F36 /* PBXTargetDependency */,
				B46A55D127DC07F5000C7F36 /* PBXTargetDependency */,
			);
			name = BooksAPITests;
			productName = BooksAPITests;
			productReference = B46A55CC27DC07F5000C7F36 /* BooksAPITests.xctest */;
			productType = "com.apple.product-type.bundle.unit-test";
		};
		B4D6452127E25F0500A2A30A /* BookSpyTests */ = {
			isa = PBXNativeTarget;
			buildConfigurationList = B4D6452827E25F0500A2A30A /* Build configuration list for PBXNativeTarget "BookSpyTests" */;
			buildPhases = (
				B4D6451E27E25F0500A2A30A /* Sources */,
				B4D6451F27E25F0500A2A30A /* Frameworks */,
				B4D6452027E25F0500A2A30A /* Resources */,
			);
			buildRules = (
			);
			dependencies = (
				B4D6452727E25F0500A2A30A /* PBXTargetDependency */,
			);
			name = BookSpyTests;
			productName = BookSpyTests;
			productReference = B4D6452227E25F0500A2A30A /* BookSpyTests.xctest */;
			productType = "com.apple.product-type.bundle.unit-test";
		};
/* End PBXNativeTarget section */

/* Begin PBXProject section */
		B46A55A527DC0774000C7F36 /* Project object */ = {
			isa = PBXProject;
			attributes = {
				BuildIndependentTargetsInParallel = 1;
				LastSwiftUpdateCheck = 1330;
				LastUpgradeCheck = 1320;
				TargetAttributes = {
					B46A55AC27DC0774000C7F36 = {
						CreatedOnToolsVersion = 13.2.1;
					};
					B46A55C227DC07F5000C7F36 = {
						CreatedOnToolsVersion = 13.2.1;
					};
					B46A55CB27DC07F5000C7F36 = {
						CreatedOnToolsVersion = 13.2.1;
						LastSwiftMigration = 1320;
						TestTargetID = B46A55AC27DC0774000C7F36;
					};
					B4D6452127E25F0500A2A30A = {
						CreatedOnToolsVersion = 13.3;
						TestTargetID = B46A55AC27DC0774000C7F36;
					};
				};
			};
			buildConfigurationList = B46A55A827DC0774000C7F36 /* Build configuration list for PBXProject "BookSpy" */;
			compatibilityVersion = "Xcode 13.0";
			developmentRegion = en;
			hasScannedForEncodings = 0;
			knownRegions = (
				en,
				Base,
			);
			mainGroup = B46A55A427DC0774000C7F36;
			productRefGroup = B46A55AE27DC0774000C7F36 /* Products */;
			projectDirPath = "";
			projectRoot = "";
			targets = (
				B46A55AC27DC0774000C7F36 /* BookSpy */,
				B46A55C227DC07F5000C7F36 /* BooksAPI */,
				B46A55CB27DC07F5000C7F36 /* BooksAPITests */,
				B4D6452127E25F0500A2A30A /* BookSpyTests */,
			);
		};
/* End PBXProject section */

/* Begin PBXResourcesBuildPhase section */
		B46A55AB27DC0774000C7F36 /* Resources */ = {
			isa = PBXResourcesBuildPhase;
			buildActionMask = 2147483647;
			files = (
				B46A55B827DC0776000C7F36 /* Preview Assets.xcassets in Resources */,
				B46A55B527DC0776000C7F36 /* Assets.xcassets in Resources */,
			);
			runOnlyForDeploymentPostprocessing = 0;
		};
		B46A55C127DC07F5000C7F36 /* Resources */ = {
			isa = PBXResourcesBuildPhase;
			buildActionMask = 2147483647;
			files = (
			);
			runOnlyForDeploymentPostprocessing = 0;
		};
		B46A55CA27DC07F5000C7F36 /* Resources */ = {
			isa = PBXResourcesBuildPhase;
			buildActionMask = 2147483647;
			files = (
			);
			runOnlyForDeploymentPostprocessing = 0;
		};
		B4D6452027E25F0500A2A30A /* Resources */ = {
			isa = PBXResourcesBuildPhase;
			buildActionMask = 2147483647;
			files = (
				B4D6453027E2635700A2A30A /* Books.json in Resources */,
			);
			runOnlyForDeploymentPostprocessing = 0;
		};
/* End PBXResourcesBuildPhase section */

/* Begin PBXSourcesBuildPhase section */
		B46A55A927DC0774000C7F36 /* Sources */ = {
			isa = PBXSourcesBuildPhase;
			buildActionMask = 2147483647;
			files = (
				B4D6451B27E1412800A2A30A /* DataStore.swift in Sources */,
				B46A55F827DC0AFB000C7F36 /* SearchViewModel.swift in Sources */,
				B4AC654B27E104450090D1B9 /* DetailViewModel.swift in Sources */,
				B46A55B327DC0774000C7F36 /* SearchView.swift in Sources */,
				B4D6453227E4F7BF00A2A30A /* BookCell.swift in Sources */,
				B46A55B127DC0774000C7F36 /* BookSpyApp.swift in Sources */,
				B46A55FC27DFEA6B000C7F36 /* DetailView.swift in Sources */,
				B46A55FA27DFCC06000C7F36 /* TestData.swift in Sources */,
				B4D6453427E4F7D300A2A30A /* BookCellViewModel.swift in Sources */,
			);
			runOnlyForDeploymentPostprocessing = 0;
		};
		B46A55BF27DC07F5000C7F36 /* Sources */ = {
			isa = PBXSourcesBuildPhase;
			buildActionMask = 2147483647;
			files = (
				B46A55F227DC092F000C7F36 /* Book.swift in Sources */,
				B46A55C727DC07F5000C7F36 /* BooksAPI.docc in Sources */,
				B46A55F327DC092F000C7F36 /* BooksQuery.swift in Sources */,
				B46A55F427DC092F000C7F36 /* APIClient.swift in Sources */,
			);
			runOnlyForDeploymentPostprocessing = 0;
		};
		B46A55C827DC07F5000C7F36 /* Sources */ = {
			isa = PBXSourcesBuildPhase;
			buildActionMask = 2147483647;
			files = (
				B46A55F627DC0994000C7F36 /* BooksQueryTests.swift in Sources */,
			);
			runOnlyForDeploymentPostprocessing = 0;
		};
		B4D6451E27E25F0500A2A30A /* Sources */ = {
			isa = PBXSourcesBuildPhase;
			buildActionMask = 2147483647;
			files = (
				B4D6452E27E25FD800A2A30A /* DataStoreTests.swift in Sources */,
			);
			runOnlyForDeploymentPostprocessing = 0;
		};
/* End PBXSourcesBuildPhase section */

/* Begin PBXTargetDependency section */
		B46A55CF27DC07F5000C7F36 /* PBXTargetDependency */ = {
			isa = PBXTargetDependency;
			target = B46A55C227DC07F5000C7F36 /* BooksAPI */;
			targetProxy = B46A55CE27DC07F5000C7F36 /* PBXContainerItemProxy */;
		};
		B46A55D127DC07F5000C7F36 /* PBXTargetDependency */ = {
			isa = PBXTargetDependency;
			target = B46A55AC27DC0774000C7F36 /* BookSpy */;
			targetProxy = B46A55D027DC07F5000C7F36 /* PBXContainerItemProxy */;
		};
		B46A55D727DC07F5000C7F36 /* PBXTargetDependency */ = {
			isa = PBXTargetDependency;
			target = B46A55C227DC07F5000C7F36 /* BooksAPI */;
			targetProxy = B46A55D627DC07F5000C7F36 /* PBXContainerItemProxy */;
		};
		B4D6452727E25F0500A2A30A /* PBXTargetDependency */ = {
			isa = PBXTargetDependency;
			target = B46A55AC27DC0774000C7F36 /* BookSpy */;
			targetProxy = B4D6452627E25F0500A2A30A /* PBXContainerItemProxy */;
		};
/* End PBXTargetDependency section */

/* Begin XCBuildConfiguration section */
		B46A55B927DC0776000C7F36 /* Debug */ = {
			isa = XCBuildConfiguration;
			buildSettings = {
				ALWAYS_SEARCH_USER_PATHS = NO;
				CLANG_ANALYZER_NONNULL = YES;
				CLANG_ANALYZER_NUMBER_OBJECT_CONVERSION = YES_AGGRESSIVE;
				CLANG_CXX_LANGUAGE_STANDARD = "gnu++17";
				CLANG_CXX_LIBRARY = "libc++";
				CLANG_ENABLE_MODULES = YES;
				CLANG_ENABLE_OBJC_ARC = YES;
				CLANG_ENABLE_OBJC_WEAK = YES;
				CLANG_WARN_BLOCK_CAPTURE_AUTORELEASING = YES;
				CLANG_WARN_BOOL_CONVERSION = YES;
				CLANG_WARN_COMMA = YES;
				CLANG_WARN_CONSTANT_CONVERSION = YES;
				CLANG_WARN_DEPRECATED_OBJC_IMPLEMENTATIONS = YES;
				CLANG_WARN_DIRECT_OBJC_ISA_USAGE = YES_ERROR;
				CLANG_WARN_DOCUMENTATION_COMMENTS = YES;
				CLANG_WARN_EMPTY_BODY = YES;
				CLANG_WARN_ENUM_CONVERSION = YES;
				CLANG_WARN_INFINITE_RECURSION = YES;
				CLANG_WARN_INT_CONVERSION = YES;
				CLANG_WARN_NON_LITERAL_NULL_CONVERSION = YES;
				CLANG_WARN_OBJC_IMPLICIT_RETAIN_SELF = YES;
				CLANG_WARN_OBJC_LITERAL_CONVERSION = YES;
				CLANG_WARN_OBJC_ROOT_CLASS = YES_ERROR;
				CLANG_WARN_QUOTED_INCLUDE_IN_FRAMEWORK_HEADER = YES;
				CLANG_WARN_RANGE_LOOP_ANALYSIS = YES;
				CLANG_WARN_STRICT_PROTOTYPES = YES;
				CLANG_WARN_SUSPICIOUS_MOVE = YES;
				CLANG_WARN_UNGUARDED_AVAILABILITY = YES_AGGRESSIVE;
				CLANG_WARN_UNREACHABLE_CODE = YES;
				CLANG_WARN__DUPLICATE_METHOD_MATCH = YES;
				COPY_PHASE_STRIP = NO;
				DEBUG_INFORMATION_FORMAT = dwarf;
				ENABLE_STRICT_OBJC_MSGSEND = YES;
				ENABLE_TESTABILITY = YES;
				GCC_C_LANGUAGE_STANDARD = gnu11;
				GCC_DYNAMIC_NO_PIC = NO;
				GCC_NO_COMMON_BLOCKS = YES;
				GCC_OPTIMIZATION_LEVEL = 0;
				GCC_PREPROCESSOR_DEFINITIONS = (
					"DEBUG=1",
					"$(inherited)",
				);
				GCC_WARN_64_TO_32_BIT_CONVERSION = YES;
				GCC_WARN_ABOUT_RETURN_TYPE = YES_ERROR;
				GCC_WARN_UNDECLARED_SELECTOR = YES;
				GCC_WARN_UNINITIALIZED_AUTOS = YES_AGGRESSIVE;
				GCC_WARN_UNUSED_FUNCTION = YES;
				GCC_WARN_UNUSED_VARIABLE = YES;
				IPHONEOS_DEPLOYMENT_TARGET = 15.2;
				MTL_ENABLE_DEBUG_INFO = INCLUDE_SOURCE;
				MTL_FAST_MATH = YES;
				ONLY_ACTIVE_ARCH = YES;
				SDKROOT = iphoneos;
				SWIFT_ACTIVE_COMPILATION_CONDITIONS = DEBUG;
				SWIFT_OPTIMIZATION_LEVEL = "-Onone";
			};
			name = Debug;
		};
		B46A55BA27DC0776000C7F36 /* Release */ = {
			isa = XCBuildConfiguration;
			buildSettings = {
				ALWAYS_SEARCH_USER_PATHS = NO;
				CLANG_ANALYZER_NONNULL = YES;
				CLANG_ANALYZER_NUMBER_OBJECT_CONVERSION = YES_AGGRESSIVE;
				CLANG_CXX_LANGUAGE_STANDARD = "gnu++17";
				CLANG_CXX_LIBRARY = "libc++";
				CLANG_ENABLE_MODULES = YES;
				CLANG_ENABLE_OBJC_ARC = YES;
				CLANG_ENABLE_OBJC_WEAK = YES;
				CLANG_WARN_BLOCK_CAPTURE_AUTORELEASING = YES;
				CLANG_WARN_BOOL_CONVERSION = YES;
				CLANG_WARN_COMMA = YES;
				CLANG_WARN_CONSTANT_CONVERSION = YES;
				CLANG_WARN_DEPRECATED_OBJC_IMPLEMENTATIONS = YES;
				CLANG_WARN_DIRECT_OBJC_ISA_USAGE = YES_ERROR;
				CLANG_WARN_DOCUMENTATION_COMMENTS = YES;
				CLANG_WARN_EMPTY_BODY = YES;
				CLANG_WARN_ENUM_CONVERSION = YES;
				CLANG_WARN_INFINITE_RECURSION = YES;
				CLANG_WARN_INT_CONVERSION = YES;
				CLANG_WARN_NON_LITERAL_NULL_CONVERSION = YES;
				CLANG_WARN_OBJC_IMPLICIT_RETAIN_SELF = YES;
				CLANG_WARN_OBJC_LITERAL_CONVERSION = YES;
				CLANG_WARN_OBJC_ROOT_CLASS = YES_ERROR;
				CLANG_WARN_QUOTED_INCLUDE_IN_FRAMEWORK_HEADER = YES;
				CLANG_WARN_RANGE_LOOP_ANALYSIS = YES;
				CLANG_WARN_STRICT_PROTOTYPES = YES;
				CLANG_WARN_SUSPICIOUS_MOVE = YES;
				CLANG_WARN_UNGUARDED_AVAILABILITY = YES_AGGRESSIVE;
				CLANG_WARN_UNREACHABLE_CODE = YES;
				CLANG_WARN__DUPLICATE_METHOD_MATCH = YES;
				COPY_PHASE_STRIP = NO;
				DEBUG_INFORMATION_FORMAT = "dwarf-with-dsym";
				ENABLE_NS_ASSERTIONS = NO;
				ENABLE_STRICT_OBJC_MSGSEND = YES;
				GCC_C_LANGUAGE_STANDARD = gnu11;
				GCC_NO_COMMON_BLOCKS = YES;
				GCC_WARN_64_TO_32_BIT_CONVERSION = YES;
				GCC_WARN_ABOUT_RETURN_TYPE = YES_ERROR;
				GCC_WARN_UNDECLARED_SELECTOR = YES;
				GCC_WARN_UNINITIALIZED_AUTOS = YES_AGGRESSIVE;
				GCC_WARN_UNUSED_FUNCTION = YES;
				GCC_WARN_UNUSED_VARIABLE = YES;
				IPHONEOS_DEPLOYMENT_TARGET = 15.2;
				MTL_ENABLE_DEBUG_INFO = NO;
				MTL_FAST_MATH = YES;
				SDKROOT = iphoneos;
				SWIFT_COMPILATION_MODE = wholemodule;
				SWIFT_OPTIMIZATION_LEVEL = "-O";
				VALIDATE_PRODUCT = YES;
			};
			name = Release;
		};
		B46A55BC27DC0776000C7F36 /* Debug */ = {
			isa = XCBuildConfiguration;
			buildSettings = {
				ALWAYS_EMBED_SWIFT_STANDARD_LIBRARIES = YES;
				ASSETCATALOG_COMPILER_APPICON_NAME = AppIcon;
				ASSETCATALOG_COMPILER_GLOBAL_ACCENT_COLOR_NAME = AccentColor;
				CODE_SIGN_STYLE = Automatic;
				CURRENT_PROJECT_VERSION = 1;
				DEVELOPMENT_ASSET_PATHS = "\"BookSpy/Preview Content\"";
				DEVELOPMENT_TEAM = 7J7LD9SB6Q;
				ENABLE_PREVIEWS = YES;
				GENERATE_INFOPLIST_FILE = YES;
				INFOPLIST_KEY_UIApplicationSceneManifest_Generation = YES;
				INFOPLIST_KEY_UIApplicationSupportsIndirectInputEvents = YES;
				INFOPLIST_KEY_UILaunchScreen_Generation = YES;
				INFOPLIST_KEY_UISupportedInterfaceOrientations_iPad = "UIInterfaceOrientationPortrait UIInterfaceOrientationPortraitUpsideDown UIInterfaceOrientationLandscapeLeft UIInterfaceOrientationLandscapeRight";
				INFOPLIST_KEY_UISupportedInterfaceOrientations_iPhone = "UIInterfaceOrientationPortrait UIInterfaceOrientationLandscapeLeft UIInterfaceOrientationLandscapeRight";
				LD_RUNPATH_SEARCH_PATHS = (
					"$(inherited)",
					"@executable_path/Frameworks",
				);
				MARKETING_VERSION = 1.0;
				PRODUCT_BUNDLE_IDENTIFIER = com.aboutobjects.training.BookSpy;
				PRODUCT_NAME = "$(TARGET_NAME)";
				SWIFT_EMIT_LOC_STRINGS = YES;
				SWIFT_VERSION = 5.0;
				TARGETED_DEVICE_FAMILY = "1,2";
			};
			name = Debug;
		};
		B46A55BD27DC0776000C7F36 /* Release */ = {
			isa = XCBuildConfiguration;
			buildSettings = {
				ALWAYS_EMBED_SWIFT_STANDARD_LIBRARIES = YES;
				ASSETCATALOG_COMPILER_APPICON_NAME = AppIcon;
				ASSETCATALOG_COMPILER_GLOBAL_ACCENT_COLOR_NAME = AccentColor;
				CODE_SIGN_STYLE = Automatic;
				CURRENT_PROJECT_VERSION = 1;
				DEVELOPMENT_ASSET_PATHS = "\"BookSpy/Preview Content\"";
				DEVELOPMENT_TEAM = 7J7LD9SB6Q;
				ENABLE_PREVIEWS = YES;
				GENERATE_INFOPLIST_FILE = YES;
				INFOPLIST_KEY_UIApplicationSceneManifest_Generation = YES;
				INFOPLIST_KEY_UIApplicationSupportsIndirectInputEvents = YES;
				INFOPLIST_KEY_UILaunchScreen_Generation = YES;
				INFOPLIST_KEY_UISupportedInterfaceOrientations_iPad = "UIInterfaceOrientationPortrait UIInterfaceOrientationPortraitUpsideDown UIInterfaceOrientationLandscapeLeft UIInterfaceOrientationLandscapeRight";
				INFOPLIST_KEY_UISupportedInterfaceOrientations_iPhone = "UIInterfaceOrientationPortrait UIInterfaceOrientationLandscapeLeft UIInterfaceOrientationLandscapeRight";
				LD_RUNPATH_SEARCH_PATHS = (
					"$(inherited)",
					"@executable_path/Frameworks",
				);
				MARKETING_VERSION = 1.0;
				PRODUCT_BUNDLE_IDENTIFIER = com.aboutobjects.training.BookSpy;
				PRODUCT_NAME = "$(TARGET_NAME)";
				SWIFT_EMIT_LOC_STRINGS = YES;
				SWIFT_VERSION = 5.0;
				TARGETED_DEVICE_FAMILY = "1,2";
			};
			name = Release;
		};
		B46A55DB27DC07F5000C7F36 /* Debug */ = {
			isa = XCBuildConfiguration;
			buildSettings = {
				CODE_SIGN_STYLE = Automatic;
				CURRENT_PROJECT_VERSION = 1;
				DEFINES_MODULE = YES;
				DEVELOPMENT_TEAM = 7J7LD9SB6Q;
				DYLIB_COMPATIBILITY_VERSION = 1;
				DYLIB_CURRENT_VERSION = 1;
				DYLIB_INSTALL_NAME_BASE = "@rpath";
				GENERATE_INFOPLIST_FILE = YES;
				INFOPLIST_KEY_NSHumanReadableCopyright = "";
				INSTALL_PATH = "$(LOCAL_LIBRARY_DIR)/Frameworks";
				LD_RUNPATH_SEARCH_PATHS = (
					"$(inherited)",
					"@executable_path/Frameworks",
					"@loader_path/Frameworks",
				);
				MARKETING_VERSION = 1.0;
				PRODUCT_BUNDLE_IDENTIFIER = com.aboutobjects.training.BooksAPI;
				PRODUCT_NAME = "$(TARGET_NAME:c99extidentifier)";
				SKIP_INSTALL = YES;
				SWIFT_EMIT_LOC_STRINGS = YES;
				SWIFT_VERSION = 5.0;
				TARGETED_DEVICE_FAMILY = "1,2";
				VERSIONING_SYSTEM = "apple-generic";
				VERSION_INFO_PREFIX = "";
			};
			name = Debug;
		};
		B46A55DC27DC07F5000C7F36 /* Release */ = {
			isa = XCBuildConfiguration;
			buildSettings = {
				CODE_SIGN_STYLE = Automatic;
				CURRENT_PROJECT_VERSION = 1;
				DEFINES_MODULE = YES;
				DEVELOPMENT_TEAM = 7J7LD9SB6Q;
				DYLIB_COMPATIBILITY_VERSION = 1;
				DYLIB_CURRENT_VERSION = 1;
				DYLIB_INSTALL_NAME_BASE = "@rpath";
				GENERATE_INFOPLIST_FILE = YES;
				INFOPLIST_KEY_NSHumanReadableCopyright = "";
				INSTALL_PATH = "$(LOCAL_LIBRARY_DIR)/Frameworks";
				LD_RUNPATH_SEARCH_PATHS = (
					"$(inherited)",
					"@executable_path/Frameworks",
					"@loader_path/Frameworks",
				);
				MARKETING_VERSION = 1.0;
				PRODUCT_BUNDLE_IDENTIFIER = com.aboutobjects.training.BooksAPI;
				PRODUCT_NAME = "$(TARGET_NAME:c99extidentifier)";
				SKIP_INSTALL = YES;
				SWIFT_EMIT_LOC_STRINGS = YES;
				SWIFT_VERSION = 5.0;
				TARGETED_DEVICE_FAMILY = "1,2";
				VERSIONING_SYSTEM = "apple-generic";
				VERSION_INFO_PREFIX = "";
			};
			name = Release;
		};
		B46A55DF27DC07F5000C7F36 /* Debug */ = {
			isa = XCBuildConfiguration;
			buildSettings = {
				ALWAYS_EMBED_SWIFT_STANDARD_LIBRARIES = YES;
				CLANG_ENABLE_MODULES = YES;
				CODE_SIGN_STYLE = Automatic;
				CURRENT_PROJECT_VERSION = 1;
				DEVELOPMENT_TEAM = 7J7LD9SB6Q;
				GENERATE_INFOPLIST_FILE = YES;
				LD_RUNPATH_SEARCH_PATHS = (
					"$(inherited)",
					"@executable_path/Frameworks",
					"@loader_path/Frameworks",
				);
				MARKETING_VERSION = 1.0;
				PRODUCT_BUNDLE_IDENTIFIER = com.aboutobjects.training.BooksAPITests;
				PRODUCT_NAME = "$(TARGET_NAME)";
				SWIFT_EMIT_LOC_STRINGS = NO;
				SWIFT_OPTIMIZATION_LEVEL = "-Onone";
				SWIFT_VERSION = 5.0;
				TARGETED_DEVICE_FAMILY = "1,2";
				TEST_HOST = "$(BUILT_PRODUCTS_DIR)/BookSpy.app/BookSpy";
			};
			name = Debug;
		};
		B46A55E027DC07F5000C7F36 /* Release */ = {
			isa = XCBuildConfiguration;
			buildSettings = {
				ALWAYS_EMBED_SWIFT_STANDARD_LIBRARIES = YES;
				CLANG_ENABLE_MODULES = YES;
				CODE_SIGN_STYLE = Automatic;
				CURRENT_PROJECT_VERSION = 1;
				DEVELOPMENT_TEAM = 7J7LD9SB6Q;
				GENERATE_INFOPLIST_FILE = YES;
				LD_RUNPATH_SEARCH_PATHS = (
					"$(inherited)",
					"@executable_path/Frameworks",
					"@loader_path/Frameworks",
				);
				MARKETING_VERSION = 1.0;
				PRODUCT_BUNDLE_IDENTIFIER = com.aboutobjects.training.BooksAPITests;
				PRODUCT_NAME = "$(TARGET_NAME)";
				SWIFT_EMIT_LOC_STRINGS = NO;
				SWIFT_VERSION = 5.0;
				TARGETED_DEVICE_FAMILY = "1,2";
				TEST_HOST = "$(BUILT_PRODUCTS_DIR)/BookSpy.app/BookSpy";
			};
			name = Release;
		};
		B4D6452927E25F0500A2A30A /* Debug */ = {
			isa = XCBuildConfiguration;
			buildSettings = {
				BUNDLE_LOADER = "$(TEST_HOST)";
				CODE_SIGN_STYLE = Automatic;
				CURRENT_PROJECT_VERSION = 1;
				DEVELOPMENT_TEAM = 7J7LD9SB6Q;
				GENERATE_INFOPLIST_FILE = YES;
				IPHONEOS_DEPLOYMENT_TARGET = 15.4;
				MARKETING_VERSION = 1.0;
				PRODUCT_BUNDLE_IDENTIFIER = com.aboutobjects.training.BookSpyTests;
				PRODUCT_NAME = "$(TARGET_NAME)";
				SWIFT_EMIT_LOC_STRINGS = NO;
				SWIFT_VERSION = 5.0;
				TARGETED_DEVICE_FAMILY = "1,2";
				TEST_HOST = "$(BUILT_PRODUCTS_DIR)/BookSpy.app/BookSpy";
			};
			name = Debug;
		};
		B4D6452A27E25F0500A2A30A /* Release */ = {
			isa = XCBuildConfiguration;
			buildSettings = {
				BUNDLE_LOADER = "$(TEST_HOST)";
				CODE_SIGN_STYLE = Automatic;
				CURRENT_PROJECT_VERSION = 1;
				DEVELOPMENT_TEAM = 7J7LD9SB6Q;
				GENERATE_INFOPLIST_FILE = YES;
				IPHONEOS_DEPLOYMENT_TARGET = 15.4;
				MARKETING_VERSION = 1.0;
				PRODUCT_BUNDLE_IDENTIFIER = com.aboutobjects.training.BookSpyTests;
				PRODUCT_NAME = "$(TARGET_NAME)";
				SWIFT_EMIT_LOC_STRINGS = NO;
				SWIFT_VERSION = 5.0;
				TARGETED_DEVICE_FAMILY = "1,2";
				TEST_HOST = "$(BUILT_PRODUCTS_DIR)/BookSpy.app/BookSpy";
			};
			name = Release;
		};
/* End XCBuildConfiguration section */

/* Begin XCConfigurationList section */
		B46A55A827DC0774000C7F36 /* Build configuration list for PBXProject "BookSpy" */ = {
			isa = XCConfigurationList;
			buildConfigurations = (
				B46A55B927DC0776000C7F36 /* Debug */,
				B46A55BA27DC0776000C7F36 /* Release */,
			);
			defaultConfigurationIsVisible = 0;
			defaultConfigurationName = Release;
		};
		B46A55BB27DC0776000C7F36 /* Build configuration list for PBXNativeTarget "BookSpy" */ = {
			isa = XCConfigurationList;
			buildConfigurations = (
				B46A55BC27DC0776000C7F36 /* Debug */,
				B46A55BD27DC0776000C7F36 /* Release */,
			);
			defaultConfigurationIsVisible = 0;
			defaultConfigurationName = Release;
		};
		B46A55DA27DC07F5000C7F36 /* Build configuration list for PBXNativeTarget "BooksAPI" */ = {
			isa = XCConfigurationList;
			buildConfigurations = (
				B46A55DB27DC07F5000C7F36 /* Debug */,
				B46A55DC27DC07F5000C7F36 /* Release */,
			);
			defaultConfigurationIsVisible = 0;
			defaultConfigurationName = Release;
		};
		B46A55DE27DC07F5000C7F36 /* Build configuration list for PBXNativeTarget "BooksAPITests" */ = {
			isa = XCConfigurationList;
			buildConfigurations = (
				B46A55DF27DC07F5000C7F36 /* Debug */,
				B46A55E027DC07F5000C7F36 /* Release */,
			);
			defaultConfigurationIsVisible = 0;
			defaultConfigurationName = Release;
		};
		B4D6452827E25F0500A2A30A /* Build configuration list for PBXNativeTarget "BookSpyTests" */ = {
			isa = XCConfigurationList;
			buildConfigurations = (
				B4D6452927E25F0500A2A30A /* Debug */,
				B4D6452A27E25F0500A2A30A /* Release */,
			);
			defaultConfigurationIsVisible = 0;
			defaultConfigurationName = Release;
		};
/* End XCConfigurationList section */
	};
	rootObject = B46A55A527DC0774000C7F36 /* Project object */;
}
